
Microsoft Visual Studio Solution File, Format Version 12.00
# Visual Studio 15
VisualStudioVersion = 15.0.27703.2035
MinimumVisualStudioVersion = 10.0.40219.1
Project("{2150E333-8FDC-42A3-9474-1A3956D46DE8}") = "Solution Items", "Solution Items", "{93A8434D-8D9C-4E0A-877E-FE639D420445}"
	ProjectSection(SolutionItems) = preProject
		README.md = README.md
	EndProjectSection
EndProject
Project("{2150E333-8FDC-42A3-9474-1A3956D46DE8}") = "src", "src", "{82925FA6-8CFC-4C28-A8F0-F08BE57D860D}"
EndProject
Project("{9A19103F-16F7-4668-BE54-9A1E7A4F7556}") = "AspNetCoreExample", "src\AspNetCoreExample\AspNetCoreExample.csproj", "{AC1B0458-E0A9-408E-8905-ADC89558255C}"
EndProject
Global
	GlobalSection(SolutionConfigurationPlatforms) = preSolution
		Debug|Any CPU = Debug|Any CPU
		Release|Any CPU = Release|Any CPU
	EndGlobalSection
	GlobalSection(ProjectConfigurationPlatforms) = postSolution
		{AC1B0458-E0A9-408E-8905-ADC89558255C}.Debug|Any CPU.ActiveCfg = Debug|Any CPU
		{AC1B0458-E0A9-408E-8905-ADC89558255C}.Debug|Any CPU.Build.0 = Debug|Any CPU
		{AC1B0458-E0A9-408E-8905-ADC89558255C}.Release|Any CPU.ActiveCfg = Release|Any CPU
		{AC1B0458-E0A9-408E-8905-ADC89558255C}.Release|Any CPU.Build.0 = Release|Any CPU
	EndGlobalSection
	GlobalSection(SolutionProperties) = preSolution
		HideSolutionNode = FALSE
	EndGlobalSection
	GlobalSection(NestedProjects) = preSolution
		{AC1B0458-E0A9-408E-8905-ADC89558255C} = {82925FA6-8CFC-4C28-A8F0-F08BE57D860D}
	EndGlobalSection
	GlobalSection(ExtensibilityGlobals) = postSolution
		SolutionGuid = {32D9548E-38F6-4721-82A4-91E41D9B056D}
	EndGlobalSection
EndGlobal
